
Microsoft Visual Studio Solution File, Format Version 12.00
# Visual Studio 2013
VisualStudioVersion = 12.0.40629.0
MinimumVisualStudioVersion = 10.0.40219.1
Project("{FAE04EC0-301F-11D3-BF4B-00C04F79EFBC}") = "App.Website", "App.Website\App.Website.csproj", "{BA678900-AFA0-426F-917C-E6D87F81CE9F}"
EndProject
Project("{FAE04EC0-301F-11D3-BF4B-00C04F79EFBC}") = "App.Core", "App.Core\App.Core.csproj", "{4C9E72CA-EC84-4661-BAD2-9208C3065DC2}"
EndProject
Project("{FAE04EC0-301F-11D3-BF4B-00C04F79EFBC}") = "App.Services", "App.Services\App.Services.csproj", "{D25AB6F4-F4D8-41B3-868D-3D766A66CADD}"
EndProject
Project("{FAE04EC0-301F-11D3-BF4B-00C04F79EFBC}") = "App.Services.Dtos", "App.Services.Dtos\App.Services.Dtos.csproj", "{DE811D9A-C19E-4158-9E54-85594DD2C776}"
EndProject
Project("{FAE04EC0-301F-11D3-BF4B-00C04F79EFBC}") = "App.Data.EntityFramework", "App.Data.EntityFramework\App.Data.EntityFramework.csproj", "{7C462465-B833-4ABD-82E1-8549645FDF53}"
EndProject
Project("{FAE04EC0-301F-11D3-BF4B-00C04F79EFBC}") = "App.Repositories", "App.Repositories\App.Repositories.csproj", "{27929FE0-67A4-47E3-BB99-D449E3C789A2}"
EndProject
Project("{2150E333-8FDC-42A3-9474-1A3956D46DE8}") = "Test", "Test", "{787E62DA-E853-46E2-A54E-273EB6CAE8B6}"
EndProject
Project("{FAE04EC0-301F-11D3-BF4B-00C04F79EFBC}") = "Services.Test", "Services.Test\Services.Test.csproj", "{ECEA5AF8-9216-4B36-95E8-C0A8AB53A5A3}"
EndProject
Project("{2150E333-8FDC-42A3-9474-1A3956D46DE8}") = "Database", "Database", "{605C4F39-6A38-4DF0-8E52-B64AA5615CC7}"
EndProject
Project("{00D1A9C2-B5F0-4AF3-8072-F6C62B433612}") = "App.Database", "App.Database\App.Database.sqlproj", "{70D4C46C-82E1-40D8-98C5-1417549913EA}"
EndProject
Project("{FAE04EC0-301F-11D3-BF4B-00C04F79EFBC}") = "App.Entities", "App.Entities\App.Entities.csproj", "{252EAFCD-1245-43F6-8F30-A0219BF26474}"
EndProject
Project("{FAE04EC0-301F-11D3-BF4B-00C04F79EFBC}") = "App.Infrastructure", "App.Infrastructure\App.Infrastructure.csproj", "{002A2C84-B10C-4C92-BF46-A3800CC0AEB7}"
EndProject
Global
	GlobalSection(SolutionConfigurationPlatforms) = preSolution
		Debug|Any CPU = Debug|Any CPU
		Release|Any CPU = Release|Any CPU
	EndGlobalSection
	GlobalSection(ProjectConfigurationPlatforms) = postSolution
		{BA678900-AFA0-426F-917C-E6D87F81CE9F}.Debug|Any CPU.ActiveCfg = Debug|Any CPU
		{BA678900-AFA0-426F-917C-E6D87F81CE9F}.Debug|Any CPU.Build.0 = Debug|Any CPU
		{BA678900-AFA0-426F-917C-E6D87F81CE9F}.Release|Any CPU.ActiveCfg = Release|Any CPU
		{BA678900-AFA0-426F-917C-E6D87F81CE9F}.Release|Any CPU.Build.0 = Release|Any CPU
		{4C9E72CA-EC84-4661-BAD2-9208C3065DC2}.Debug|Any CPU.ActiveCfg = Debug|Any CPU
		{4C9E72CA-EC84-4661-BAD2-9208C3065DC2}.Debug|Any CPU.Build.0 = Debug|Any CPU
		{4C9E72CA-EC84-4661-BAD2-9208C3065DC2}.Release|Any CPU.ActiveCfg = Release|Any CPU
		{4C9E72CA-EC84-4661-BAD2-9208C3065DC2}.Release|Any CPU.Build.0 = Release|Any CPU
		{D25AB6F4-F4D8-41B3-868D-3D766A66CADD}.Debug|Any CPU.ActiveCfg = Debug|Any CPU
		{D25AB6F4-F4D8-41B3-868D-3D766A66CADD}.Debug|Any CPU.Build.0 = Debug|Any CPU
		{D25AB6F4-F4D8-41B3-868D-3D766A66CADD}.Release|Any CPU.ActiveCfg = Release|Any CPU
		{D25AB6F4-F4D8-41B3-868D-3D766A66CADD}.Release|Any CPU.Build.0 = Release|Any CPU
		{DE811D9A-C19E-4158-9E54-85594DD2C776}.Debug|Any CPU.ActiveCfg = Debug|Any CPU
		{DE811D9A-C19E-4158-9E54-85594DD2C776}.Debug|Any CPU.Build.0 = Debug|Any CPU
		{DE811D9A-C19E-4158-9E54-85594DD2C776}.Release|Any CPU.ActiveCfg = Release|Any CPU
		{DE811D9A-C19E-4158-9E54-85594DD2C776}.Release|Any CPU.Build.0 = Release|Any CPU
		{7C462465-B833-4ABD-82E1-8549645FDF53}.Debug|Any CPU.ActiveCfg = Debug|Any CPU
		{7C462465-B833-4ABD-82E1-8549645FDF53}.Debug|Any CPU.Build.0 = Debug|Any CPU
		{7C462465-B833-4ABD-82E1-8549645FDF53}.Release|Any CPU.ActiveCfg = Release|Any CPU
		{7C462465-B833-4ABD-82E1-8549645FDF53}.Release|Any CPU.Build.0 = Release|Any CPU
		{27929FE0-67A4-47E3-BB99-D449E3C789A2}.Debug|Any CPU.ActiveCfg = Debug|Any CPU
		{27929FE0-67A4-47E3-BB99-D449E3C789A2}.Debug|Any CPU.Build.0 = Debug|Any CPU
		{27929FE0-67A4-47E3-BB99-D449E3C789A2}.Release|Any CPU.ActiveCfg = Release|Any CPU
		{27929FE0-67A4-47E3-BB99-D449E3C789A2}.Release|Any CPU.Build.0 = Release|Any CPU
		{ECEA5AF8-9216-4B36-95E8-C0A8AB53A5A3}.Debug|Any CPU.ActiveCfg = Debug|Any CPU
		{ECEA5AF8-9216-4B36-95E8-C0A8AB53A5A3}.Debug|Any CPU.Build.0 = Debug|Any CPU
		{ECEA5AF8-9216-4B36-95E8-C0A8AB53A5A3}.Release|Any CPU.ActiveCfg = Release|Any CPU
		{ECEA5AF8-9216-4B36-95E8-C0A8AB53A5A3}.Release|Any CPU.Build.0 = Release|Any CPU
		{70D4C46C-82E1-40D8-98C5-1417549913EA}.Debug|Any CPU.ActiveCfg = Debug|Any CPU
		{70D4C46C-82E1-40D8-98C5-1417549913EA}.Debug|Any CPU.Build.0 = Debug|Any CPU
		{70D4C46C-82E1-40D8-98C5-1417549913EA}.Debug|Any CPU.Deploy.0 = Debug|Any CPU
		{70D4C46C-82E1-40D8-98C5-1417549913EA}.Release|Any CPU.ActiveCfg = Release|Any CPU
		{70D4C46C-82E1-40D8-98C5-1417549913EA}.Release|Any CPU.Build.0 = Release|Any CPU
		{70D4C46C-82E1-40D8-98C5-1417549913EA}.Release|Any CPU.Deploy.0 = Release|Any CPU
		{252EAFCD-1245-43F6-8F30-A0219BF26474}.Debug|Any CPU.ActiveCfg = Debug|Any CPU
		{252EAFCD-1245-43F6-8F30-A0219BF26474}.Debug|Any CPU.Build.0 = Debug|Any CPU
		{252EAFCD-1245-43F6-8F30-A0219BF26474}.Release|Any CPU.ActiveCfg = Release|Any CPU
		{252EAFCD-1245-43F6-8F30-A0219BF26474}.Release|Any CPU.Build.0 = Release|Any CPU
		{002A2C84-B10C-4C92-BF46-A3800CC0AEB7}.Debug|Any CPU.ActiveCfg = Debug|Any CPU
		{002A2C84-B10C-4C92-BF46-A3800CC0AEB7}.Debug|Any CPU.Build.0 = Debug|Any CPU
		{002A2C84-B10C-4C92-BF46-A3800CC0AEB7}.Release|Any CPU.ActiveCfg = Release|Any CPU
		{002A2C84-B10C-4C92-BF46-A3800CC0AEB7}.Release|Any CPU.Build.0 = Release|Any CPU
	EndGlobalSection
	GlobalSection(SolutionProperties) = preSolution
		HideSolutionNode = FALSE
	EndGlobalSection
	GlobalSection(NestedProjects) = preSolution
		{ECEA5AF8-9216-4B36-95E8-C0A8AB53A5A3} = {787E62DA-E853-46E2-A54E-273EB6CAE8B6}
		{70D4C46C-82E1-40D8-98C5-1417549913EA} = {605C4F39-6A38-4DF0-8E52-B64AA5615CC7}
	EndGlobalSection
EndGlobal
